
Microsoft Visual Studio Solution File, Format Version 12.00
# Visual Studio Version 16
VisualStudioVersion = 16.0.30114.105
MinimumVisualStudioVersion = 10.0.40219.1
Project("{2150E333-8FDC-42A3-9474-1A3956D46DE8}") = "Domain", "Domain", "{B88F26A1-2317-45A0-AA67-A6FE0C8ECA45}"
EndProject
Project("{9A19103F-16F7-4668-BE54-9A1E7A4F7556}") = "LojaVirtual.Domain", "Domain\LojaVirtual.Domain\LojaVirtual.Domain.csproj", "{3ED7E797-194B-413B-ADBA-36E64E0CA88F}"
EndProject
Project("{9A19103F-16F7-4668-BE54-9A1E7A4F7556}") = "LojaVirtual.Domain.Services", "Domain\LojaVirtual.Domain.Services\LojaVirtual.Domain.Services.csproj", "{6AFC24F2-2D55-41B3-BA54-5E97766392F2}"
EndProject
Project("{2150E333-8FDC-42A3-9474-1A3956D46DE8}") = "Infra", "Infra", "{09B440D6-1D77-4FF6-80CF-8192F6B65F29}"
EndProject
Project("{9A19103F-16F7-4668-BE54-9A1E7A4F7556}") = "LojaVirtual.Infra.Data", "Infra\LojaVirtual.Infra.Data\LojaVirtual.Infra.Data.csproj", "{F06C6D9F-634C-43DF-88AA-81E0FAFD3294}"
EndProject
Project("{9A19103F-16F7-4668-BE54-9A1E7A4F7556}") = "LojaVirtual.Infra.CrossCutting", "Infra\LojaVirtual.Infra.CrossCutting\LojaVirtual.Infra.CrossCutting.csproj", "{11F2C035-5EAC-4EB1-B8E8-7890E8C7774E}"
EndProject
Project("{2150E333-8FDC-42A3-9474-1A3956D46DE8}") = "Test", "Test", "{491BAA1D-938D-45B5-83E8-E5006274E9EC}"
EndProject
Project("{2150E333-8FDC-42A3-9474-1A3956D46DE8}") = "UI", "UI", "{355513AB-4D35-4D80-A814-91EF894859FE}"
EndProject
Project("{9A19103F-16F7-4668-BE54-9A1E7A4F7556}") = "LojaVirtualTest", "Test\LojaVirtualTest\LojaVirtualTest.csproj", "{E0DE7F46-A869-4E17-BBAE-9933349618DA}"
EndProject
Project("{9A19103F-16F7-4668-BE54-9A1E7A4F7556}") = "LojaVirtual.UI.Site", "UI\LojaVirtual.UI.Site\LojaVirtual.UI.Site.csproj", "{85A598A6-0795-4258-8AE2-153C3AD8F6E7}"
EndProject
Global
	GlobalSection(SolutionConfigurationPlatforms) = preSolution
		Debug|Any CPU = Debug|Any CPU
		Debug|x64 = Debug|x64
		Debug|x86 = Debug|x86
		Release|Any CPU = Release|Any CPU
		Release|x64 = Release|x64
		Release|x86 = Release|x86
	EndGlobalSection
	GlobalSection(ProjectConfigurationPlatforms) = postSolution
		{3ED7E797-194B-413B-ADBA-36E64E0CA88F}.Debug|Any CPU.ActiveCfg = Debug|Any CPU
		{3ED7E797-194B-413B-ADBA-36E64E0CA88F}.Debug|Any CPU.Build.0 = Debug|Any CPU
		{3ED7E797-194B-413B-ADBA-36E64E0CA88F}.Debug|x64.ActiveCfg = Debug|Any CPU
		{3ED7E797-194B-413B-ADBA-36E64E0CA88F}.Debug|x64.Build.0 = Debug|Any CPU
		{3ED7E797-194B-413B-ADBA-36E64E0CA88F}.Debug|x86.ActiveCfg = Debug|Any CPU
		{3ED7E797-194B-413B-ADBA-36E64E0CA88F}.Debug|x86.Build.0 = Debug|Any CPU
		{3ED7E797-194B-413B-ADBA-36E64E0CA88F}.Release|Any CPU.ActiveCfg = Release|Any CPU
		{3ED7E797-194B-413B-ADBA-36E64E0CA88F}.Release|Any CPU.Build.0 = Release|Any CPU
		{3ED7E797-194B-413B-ADBA-36E64E0CA88F}.Release|x64.ActiveCfg = Release|Any CPU
		{3ED7E797-194B-413B-ADBA-36E64E0CA88F}.Release|x64.Build.0 = Release|Any CPU
		{3ED7E797-194B-413B-ADBA-36E64E0CA88F}.Release|x86.ActiveCfg = Release|Any CPU
		{3ED7E797-194B-413B-ADBA-36E64E0CA88F}.Release|x86.Build.0 = Release|Any CPU
		{6AFC24F2-2D55-41B3-BA54-5E97766392F2}.Debug|Any CPU.ActiveCfg = Debug|Any CPU
		{6AFC24F2-2D55-41B3-BA54-5E97766392F2}.Debug|Any CPU.Build.0 = Debug|Any CPU
		{6AFC24F2-2D55-41B3-BA54-5E97766392F2}.Debug|x64.ActiveCfg = Debug|Any CPU
		{6AFC24F2-2D55-41B3-BA54-5E97766392F2}.Debug|x64.Build.0 = Debug|Any CPU
		{6AFC24F2-2D55-41B3-BA54-5E97766392F2}.Debug|x86.ActiveCfg = Debug|Any CPU
		{6AFC24F2-2D55-41B3-BA54-5E97766392F2}.Debug|x86.Build.0 = Debug|Any CPU
		{6AFC24F2-2D55-41B3-BA54-5E97766392F2}.Release|Any CPU.ActiveCfg = Release|Any CPU
		{6AFC24F2-2D55-41B3-BA54-5E97766392F2}.Release|Any CPU.Build.0 = Release|Any CPU
		{6AFC24F2-2D55-41B3-BA54-5E97766392F2}.Release|x64.ActiveCfg = Release|Any CPU
		{6AFC24F2-2D55-41B3-BA54-5E97766392F2}.Release|x64.Build.0 = Release|Any CPU
		{6AFC24F2-2D55-41B3-BA54-5E97766392F2}.Release|x86.ActiveCfg = Release|Any CPU
		{6AFC24F2-2D55-41B3-BA54-5E97766392F2}.Release|x86.Build.0 = Release|Any CPU
		{F06C6D9F-634C-43DF-88AA-81E0FAFD3294}.Debug|Any CPU.ActiveCfg = Debug|Any CPU
		{F06C6D9F-634C-43DF-88AA-81E0FAFD3294}.Debug|Any CPU.Build.0 = Debug|Any CPU
		{F06C6D9F-634C-43DF-88AA-81E0FAFD3294}.Debug|x64.ActiveCfg = Debug|Any CPU
		{F06C6D9F-634C-43DF-88AA-81E0FAFD3294}.Debug|x64.Build.0 = Debug|Any CPU
		{F06C6D9F-634C-43DF-88AA-81E0FAFD3294}.Debug|x86.ActiveCfg = Debug|Any CPU
		{F06C6D9F-634C-43DF-88AA-81E0FAFD3294}.Debug|x86.Build.0 = Debug|Any CPU
		{F06C6D9F-634C-43DF-88AA-81E0FAFD3294}.Release|Any CPU.ActiveCfg = Release|Any CPU
		{F06C6D9F-634C-43DF-88AA-81E0FAFD3294}.Release|Any CPU.Build.0 = Release|Any CPU
		{F06C6D9F-634C-43DF-88AA-81E0FAFD3294}.Release|x64.ActiveCfg = Release|Any CPU
		{F06C6D9F-634C-43DF-88AA-81E0FAFD3294}.Release|x64.Build.0 = Release|Any CPU
		{F06C6D9F-634C-43DF-88AA-81E0FAFD3294}.Release|x86.ActiveCfg = Release|Any CPU
		{F06C6D9F-634C-43DF-88AA-81E0FAFD3294}.Release|x86.Build.0 = Release|Any CPU
		{11F2C035-5EAC-4EB1-B8E8-7890E8C7774E}.Debug|Any CPU.ActiveCfg = Debug|Any CPU
		{11F2C035-5EAC-4EB1-B8E8-7890E8C7774E}.Debug|Any CPU.Build.0 = Debug|Any CPU
		{11F2C035-5EAC-4EB1-B8E8-7890E8C7774E}.Debug|x64.ActiveCfg = Debug|Any CPU
		{11F2C035-5EAC-4EB1-B8E8-7890E8C7774E}.Debug|x64.Build.0 = Debug|Any CPU
		{11F2C035-5EAC-4EB1-B8E8-7890E8C7774E}.Debug|x86.ActiveCfg = Debug|Any CPU
		{11F2C035-5EAC-4EB1-B8E8-7890E8C7774E}.Debug|x86.Build.0 = Debug|Any CPU
		{11F2C035-5EAC-4EB1-B8E8-7890E8C7774E}.Release|Any CPU.ActiveCfg = Release|Any CPU
		{11F2C035-5EAC-4EB1-B8E8-7890E8C7774E}.Release|Any CPU.Build.0 = Release|Any CPU
		{11F2C035-5EAC-4EB1-B8E8-7890E8C7774E}.Release|x64.ActiveCfg = Release|Any CPU
		{11F2C035-5EAC-4EB1-B8E8-7890E8C7774E}.Release|x64.Build.0 = Release|Any CPU
		{11F2C035-5EAC-4EB1-B8E8-7890E8C7774E}.Release|x86.ActiveCfg = Release|Any CPU
		{11F2C035-5EAC-4EB1-B8E8-7890E8C7774E}.Release|x86.Build.0 = Release|Any CPU
		{E0DE7F46-A869-4E17-BBAE-9933349618DA}.Debug|Any CPU.ActiveCfg = Debug|Any CPU
		{E0DE7F46-A869-4E17-BBAE-9933349618DA}.Debug|Any CPU.Build.0 = Debug|Any CPU
		{E0DE7F46-A869-4E17-BBAE-9933349618DA}.Debug|x64.ActiveCfg = Debug|Any CPU
		{E0DE7F46-A869-4E17-BBAE-9933349618DA}.Debug|x64.Build.0 = Debug|Any CPU
		{E0DE7F46-A869-4E17-BBAE-9933349618DA}.Debug|x86.ActiveCfg = Debug|Any CPU
		{E0DE7F46-A869-4E17-BBAE-9933349618DA}.Debug|x86.Build.0 = Debug|Any CPU
		{E0DE7F46-A869-4E17-BBAE-9933349618DA}.Release|Any CPU.ActiveCfg = Release|Any CPU
		{E0DE7F46-A869-4E17-BBAE-9933349618DA}.Release|Any CPU.Build.0 = Release|Any CPU
		{E0DE7F46-A869-4E17-BBAE-9933349618DA}.Release|x64.ActiveCfg = Release|Any CPU
		{E0DE7F46-A869-4E17-BBAE-9933349618DA}.Release|x64.Build.0 = Release|Any CPU
		{E0DE7F46-A869-4E17-BBAE-9933349618DA}.Release|x86.ActiveCfg = Release|Any CPU
		{E0DE7F46-A869-4E17-BBAE-9933349618DA}.Release|x86.Build.0 = Release|Any CPU
		{85A598A6-0795-4258-8AE2-153C3AD8F6E7}.Debug|Any CPU.ActiveCfg = Debug|Any CPU
		{85A598A6-0795-4258-8AE2-153C3AD8F6E7}.Debug|Any CPU.Build.0 = Debug|Any CPU
		{85A598A6-0795-4258-8AE2-153C3AD8F6E7}.Debug|x64.ActiveCfg = Debug|Any CPU
		{85A598A6-0795-4258-8AE2-153C3AD8F6E7}.Debug|x64.Build.0 = Debug|Any CPU
		{85A598A6-0795-4258-8AE2-153C3AD8F6E7}.Debug|x86.ActiveCfg = Debug|Any CPU
		{85A598A6-0795-4258-8AE2-153C3AD8F6E7}.Debug|x86.Build.0 = Debug|Any CPU
		{85A598A6-0795-4258-8AE2-153C3AD8F6E7}.Release|Any CPU.ActiveCfg = Release|Any CPU
		{85A598A6-0795-4258-8AE2-153C3AD8F6E7}.Release|Any CPU.Build.0 = Release|Any CPU
		{85A598A6-0795-4258-8AE2-153C3AD8F6E7}.Release|x64.ActiveCfg = Release|Any CPU
		{85A598A6-0795-4258-8AE2-153C3AD8F6E7}.Release|x64.Build.0 = Release|Any CPU
		{85A598A6-0795-4258-8AE2-153C3AD8F6E7}.Release|x86.ActiveCfg = Release|Any CPU
		{85A598A6-0795-4258-8AE2-153C3AD8F6E7}.Release|x86.Build.0 = Release|Any CPU
	EndGlobalSection
	GlobalSection(SolutionProperties) = preSolution
		HideSolutionNode = FALSE
	EndGlobalSection
	GlobalSection(NestedProjects) = preSolution
		{3ED7E797-194B-413B-ADBA-36E64E0CA88F} = {B88F26A1-2317-45A0-AA67-A6FE0C8ECA45}
		{6AFC24F2-2D55-41B3-BA54-5E97766392F2} = {B88F26A1-2317-45A0-AA67-A6FE0C8ECA45}
		{F06C6D9F-634C-43DF-88AA-81E0FAFD3294} = {09B440D6-1D77-4FF6-80CF-8192F6B65F29}
		{11F2C035-5EAC-4EB1-B8E8-7890E8C7774E} = {09B440D6-1D77-4FF6-80CF-8192F6B65F29}
		{E0DE7F46-A869-4E17-BBAE-9933349618DA} = {491BAA1D-938D-45B5-83E8-E5006274E9EC}
		{85A598A6-0795-4258-8AE2-153C3AD8F6E7} = {355513AB-4D35-4D80-A814-91EF894859FE}
	EndGlobalSection
	GlobalSection(ExtensibilityGlobals) = postSolution
		SolutionGuid = {CD51B052-7C2C-44FC-A3A2-2049BEFC120E}
	EndGlobalSection
EndGlobal
